// !$*UTF8*$!
{
	archiveVersion = 1;
	classes = {
	};
	objectVersion = 46;
	objects = {

/* Begin PBXBuildFile section */
		2F4AA4E72E774B8AA4B8A9E7 /* libPods-Surveyor.a in Frameworks */ = {isa = PBXBuildFile; fileRef = 9830A4ED083947F0ADA372D7 /* libPods-Surveyor.a */; };
		F72980C819CFB77600B3FE89 /* AppDelegate.swift in Sources */ = {isa = PBXBuildFile; fileRef = F72980C719CFB77600B3FE89 /* AppDelegate.swift */; };
		F72980CA19CFB77600B3FE89 /* ViewController.swift in Sources */ = {isa = PBXBuildFile; fileRef = F72980C919CFB77600B3FE89 /* ViewController.swift */; };
		F72980CD19CFB77600B3FE89 /* Main.storyboard in Resources */ = {isa = PBXBuildFile; fileRef = F72980CB19CFB77600B3FE89 /* Main.storyboard */; };
		F72980CF19CFB77600B3FE89 /* Images.xcassets in Resources */ = {isa = PBXBuildFile; fileRef = F72980CE19CFB77600B3FE89 /* Images.xcassets */; };
		F72980D219CFB77600B3FE89 /* LaunchScreen.xib in Resources */ = {isa = PBXBuildFile; fileRef = F72980D019CFB77600B3FE89 /* LaunchScreen.xib */; };
		F72980DE19CFB77600B3FE89 /* SurveyorTests.swift in Sources */ = {isa = PBXBuildFile; fileRef = F72980DD19CFB77600B3FE89 /* SurveyorTests.swift */; };
		F7B9ABC819D02A9900F01C59 /* Crosshair.swift in Sources */ = {isa = PBXBuildFile; fileRef = F7B9ABC719D02A9900F01C59 /* Crosshair.swift */; };
		F7B9ABDD19D173BA00F01C59 /* MapKit.framework in Frameworks */ = {isa = PBXBuildFile; fileRef = F7B9ABDC19D173BA00F01C59 /* MapKit.framework */; };
/* End PBXBuildFile section */

/* Begin PBXContainerItemProxy section */
		F72980D819CFB77600B3FE89 /* PBXContainerItemProxy */ = {
			isa = PBXContainerItemProxy;
			containerPortal = F72980BA19CFB77500B3FE89 /* Project object */;
			proxyType = 1;
			remoteGlobalIDString = F72980C119CFB77500B3FE89;
			remoteInfo = Surveyor;
		};
/* End PBXContainerItemProxy section */

/* Begin PBXFileReference section */
		9830A4ED083947F0ADA372D7 /* libPods-Surveyor.a */ = {isa = PBXFileReference; explicitFileType = archive.ar; includeInIndex = 0; path = "libPods-Surveyor.a"; sourceTree = BUILT_PRODUCTS_DIR; };
		C9FACDABE6CE4AD09677B81A /* Pods-Surveyor.xcconfig */ = {isa = PBXFileReference; includeInIndex = 1; lastKnownFileType = text.xcconfig; name = "Pods-Surveyor.xcconfig"; path = "Pods/Pods-Surveyor.xcconfig"; sourceTree = "<group>"; };
		F72980C219CFB77600B3FE89 /* Surveyor.app */ = {isa = PBXFileReference; explicitFileType = wrapper.application; includeInIndex = 0; path = Surveyor.app; sourceTree = BUILT_PRODUCTS_DIR; };
		F72980C619CFB77600B3FE89 /* Info.plist */ = {isa = PBXFileReference; lastKnownFileType = text.plist.xml; path = Info.plist; sourceTree = "<group>"; };
		F72980C719CFB77600B3FE89 /* AppDelegate.swift */ = {isa = PBXFileReference; lastKnownFileType = sourcecode.swift; path = AppDelegate.swift; sourceTree = "<group>"; };
		F72980C919CFB77600B3FE89 /* ViewController.swift */ = {isa = PBXFileReference; lastKnownFileType = sourcecode.swift; path = ViewController.swift; sourceTree = "<group>"; };
		F72980CC19CFB77600B3FE89 /* Base */ = {isa = PBXFileReference; lastKnownFileType = file.storyboard; name = Base; path = Base.lproj/Main.storyboard; sourceTree = "<group>"; };
		F72980CE19CFB77600B3FE89 /* Images.xcassets */ = {isa = PBXFileReference; lastKnownFileType = folder.assetcatalog; path = Images.xcassets; sourceTree = "<group>"; };
		F72980D119CFB77600B3FE89 /* Base */ = {isa = PBXFileReference; lastKnownFileType = file.xib; name = Base; path = Base.lproj/LaunchScreen.xib; sourceTree = "<group>"; };
		F72980D719CFB77600B3FE89 /* SurveyorTests.xctest */ = {isa = PBXFileReference; explicitFileType = wrapper.cfbundle; includeInIndex = 0; path = SurveyorTests.xctest; sourceTree = BUILT_PRODUCTS_DIR; };
		F72980DC19CFB77600B3FE89 /* Info.plist */ = {isa = PBXFileReference; lastKnownFileType = text.plist.xml; path = Info.plist; sourceTree = "<group>"; };
		F72980DD19CFB77600B3FE89 /* SurveyorTests.swift */ = {isa = PBXFileReference; lastKnownFileType = sourcecode.swift; path = SurveyorTests.swift; sourceTree = "<group>"; };
		F7B9ABC719D02A9900F01C59 /* Crosshair.swift */ = {isa = PBXFileReference; fileEncoding = 4; lastKnownFileType = sourcecode.swift; path = Crosshair.swift; sourceTree = "<group>"; };
		F7B9ABDC19D173BA00F01C59 /* MapKit.framework */ = {isa = PBXFileReference; lastKnownFileType = wrapper.framework; name = MapKit.framework; path = System/Library/Frameworks/MapKit.framework; sourceTree = SDKROOT; };
/* End PBXFileReference section */

/* Begin PBXFrameworksBuildPhase section */
		F72980BF19CFB77500B3FE89 /* Frameworks */ = {
			isa = PBXFrameworksBuildPhase;
			buildActionMask = 2147483647;
			files = (
				F7B9ABDD19D173BA00F01C59 /* MapKit.framework in Frameworks */,
				2F4AA4E72E774B8AA4B8A9E7 /* libPods-Surveyor.a in Frameworks */,
			);
			runOnlyForDeploymentPostprocessing = 0;
		};
		F72980D419CFB77600B3FE89 /* Frameworks */ = {
			isa = PBXFrameworksBuildPhase;
			buildActionMask = 2147483647;
			files = (
			);
			runOnlyForDeploymentPostprocessing = 0;
		};
/* End PBXFrameworksBuildPhase section */

/* Begin PBXGroup section */
		6E2ACA80599E466E8807A0BE /* Frameworks */ = {
			isa = PBXGroup;
			children = (
				F7B9ABDC19D173BA00F01C59 /* MapKit.framework */,
				9830A4ED083947F0ADA372D7 /* libPods-Surveyor.a */,
			);
			name = Frameworks;
			sourceTree = "<group>";
		};
		F72980B919CFB77500B3FE89 = {
			isa = PBXGroup;
			children = (
				F72980C419CFB77600B3FE89 /* Surveyor */,
				F72980DA19CFB77600B3FE89 /* SurveyorTests */,
				F72980C319CFB77600B3FE89 /* Products */,
				C9FACDABE6CE4AD09677B81A /* Pods-Surveyor.xcconfig */,
				6E2ACA80599E466E8807A0BE /* Frameworks */,
			);
			sourceTree = "<group>";
		};
		F72980C319CFB77600B3FE89 /* Products */ = {
			isa = PBXGroup;
			children = (
				F72980C219CFB77600B3FE89 /* Surveyor.app */,
				F72980D719CFB77600B3FE89 /* SurveyorTests.xctest */,
			);
			name = Products;
			sourceTree = "<group>";
		};
		F72980C419CFB77600B3FE89 /* Surveyor */ = {
			isa = PBXGroup;
			children = (
				F72980D019CFB77600B3FE89 /* LaunchScreen.xib */,
				F72980CB19CFB77600B3FE89 /* Main.storyboard */,
				F72980CE19CFB77600B3FE89 /* Images.xcassets */,
				F7B9ABC719D02A9900F01C59 /* Crosshair.swift */,
				F72980C919CFB77600B3FE89 /* ViewController.swift */,
				F72980C519CFB77600B3FE89 /* Supporting Files */,
			);
			path = Surveyor;
			sourceTree = "<group>";
		};
		F72980C519CFB77600B3FE89 /* Supporting Files */ = {
			isa = PBXGroup;
			children = (
				F72980C719CFB77600B3FE89 /* AppDelegate.swift */,
				F72980C619CFB77600B3FE89 /* Info.plist */,
			);
			name = "Supporting Files";
			sourceTree = "<group>";
		};
		F72980DA19CFB77600B3FE89 /* SurveyorTests */ = {
			isa = PBXGroup;
			children = (
				F72980DD19CFB77600B3FE89 /* SurveyorTests.swift */,
				F72980DB19CFB77600B3FE89 /* Supporting Files */,
			);
			path = SurveyorTests;
			sourceTree = "<group>";
		};
		F72980DB19CFB77600B3FE89 /* Supporting Files */ = {
			isa = PBXGroup;
			children = (
				F72980DC19CFB77600B3FE89 /* Info.plist */,
			);
			name = "Supporting Files";
			sourceTree = "<group>";
		};
/* End PBXGroup section */

/* Begin PBXNativeTarget section */
		F72980C119CFB77500B3FE89 /* Surveyor */ = {
			isa = PBXNativeTarget;
			buildConfigurationList = F72980E119CFB77600B3FE89 /* Build configuration list for PBXNativeTarget "Surveyor" */;
			buildPhases = (
				230656247A5A4281A32E0451 /* Check Pods Manifest.lock */,
				F72980BE19CFB77500B3FE89 /* Sources */,
				F72980BF19CFB77500B3FE89 /* Frameworks */,
				F72980C019CFB77500B3FE89 /* Resources */,
				065A858960324A2B813A052C /* Copy Pods Resources */,
			);
			buildRules = (
			);
			dependencies = (
			);
			name = Surveyor;
			productName = Surveyor;
			productReference = F72980C219CFB77600B3FE89 /* Surveyor.app */;
			productType = "com.apple.product-type.application";
		};
		F72980D619CFB77600B3FE89 /* SurveyorTests */ = {
			isa = PBXNativeTarget;
			buildConfigurationList = F72980E419CFB77600B3FE89 /* Build configuration list for PBXNativeTarget "SurveyorTests" */;
			buildPhases = (
				F72980D319CFB77600B3FE89 /* Sources */,
				F72980D419CFB77600B3FE89 /* Frameworks */,
				F72980D519CFB77600B3FE89 /* Resources */,
			);
			buildRules = (
			);
			dependencies = (
				F72980D919CFB77600B3FE89 /* PBXTargetDependency */,
			);
			name = SurveyorTests;
			productName = SurveyorTests;
			productReference = F72980D719CFB77600B3FE89 /* SurveyorTests.xctest */;
			productType = "com.apple.product-type.bundle.unit-test";
		};
/* End PBXNativeTarget section */

/* Begin PBXProject section */
		F72980BA19CFB77500B3FE89 /* Project object */ = {
			isa = PBXProject;
			attributes = {
				LastUpgradeCheck = 0600;
				ORGANIZATIONNAME = "Louis Cheung";
				TargetAttributes = {
					F72980C119CFB77500B3FE89 = {
						CreatedOnToolsVersion = 6.0;
					};
					F72980D619CFB77600B3FE89 = {
						CreatedOnToolsVersion = 6.0;
						TestTargetID = F72980C119CFB77500B3FE89;
					};
				};
			};
			buildConfigurationList = F72980BD19CFB77500B3FE89 /* Build configuration list for PBXProject "Surveyor" */;
			compatibilityVersion = "Xcode 3.2";
			developmentRegion = English;
			hasScannedForEncodings = 0;
			knownRegions = (
				en,
				Base,
			);
			mainGroup = F72980B919CFB77500B3FE89;
			productRefGroup = F72980C319CFB77600B3FE89 /* Products */;
			projectDirPath = "";
			projectRoot = "";
			targets = (
				F72980C119CFB77500B3FE89 /* Surveyor */,
				F72980D619CFB77600B3FE89 /* SurveyorTests */,
			);
		};
/* End PBXProject section */

/* Begin PBXResourcesBuildPhase section */
		F72980C019CFB77500B3FE89 /* Resources */ = {
			isa = PBXResourcesBuildPhase;
			buildActionMask = 2147483647;
			files = (
				F72980CD19CFB77600B3FE89 /* Main.storyboard in Resources */,
				F72980D219CFB77600B3FE89 /* LaunchScreen.xib in Resources */,
				F72980CF19CFB77600B3FE89 /* Images.xcassets in Resources */,
			);
			runOnlyForDeploymentPostprocessing = 0;
		};
		F72980D519CFB77600B3FE89 /* Resources */ = {
			isa = PBXResourcesBuildPhase;
			buildActionMask = 2147483647;
			files = (
			);
			runOnlyForDeploymentPostprocessing = 0;
		};
/* End PBXResourcesBuildPhase section */

/* Begin PBXShellScriptBuildPhase section */
		065A858960324A2B813A052C /* Copy Pods Resources */ = {
			isa = PBXShellScriptBuildPhase;
			buildActionMask = 2147483647;
			files = (
			);
			inputPaths = (
			);
			name = "Copy Pods Resources";
			outputPaths = (
			);
			runOnlyForDeploymentPostprocessing = 0;
			shellPath = /bin/sh;
			shellScript = "\"${SRCROOT}/Pods/Pods-Surveyor-resources.sh\"\n";
			showEnvVarsInLog = 0;
		};
		230656247A5A4281A32E0451 /* Check Pods Manifest.lock */ = {
			isa = PBXShellScriptBuildPhase;
			buildActionMask = 2147483647;
			files = (
			);
			inputPaths = (
			);
			name = "Check Pods Manifest.lock";
			outputPaths = (
			);
			runOnlyForDeploymentPostprocessing = 0;
			shellPath = /bin/sh;
			shellScript = "diff \"${PODS_ROOT}/../Podfile.lock\" \"${PODS_ROOT}/Manifest.lock\" > /dev/null\nif [[ $? != 0 ]] ; then\n    cat << EOM\nerror: The sandbox is not in sync with the Podfile.lock. Run 'pod install' or update your CocoaPods installation.\nEOM\n    exit 1\nfi\n";
			showEnvVarsInLog = 0;
		};
/* End PBXShellScriptBuildPhase section */

/* Begin PBXSourcesBuildPhase section */
		F72980BE19CFB77500B3FE89 /* Sources */ = {
			isa = PBXSourcesBuildPhase;
			buildActionMask = 2147483647;
			files = (
				F7B9ABC819D02A9900F01C59 /* Crosshair.swift in Sources */,
				F72980CA19CFB77600B3FE89 /* ViewController.swift in Sources */,
				F72980C819CFB77600B3FE89 /* AppDelegate.swift in Sources */,
			);
			runOnlyForDeploymentPostprocessing = 0;
		};
		F72980D319CFB77600B3FE89 /* Sources */ = {
			isa = PBXSourcesBuildPhase;
			buildActionMask = 2147483647;
			files = (
				F72980DE19CFB77600B3FE89 /* SurveyorTests.swift in Sources */,
			);
			runOnlyForDeploymentPostprocessing = 0;
		};
/* End PBXSourcesBuildPhase section */

/* Begin PBXTargetDependency section */
		F72980D919CFB77600B3FE89 /* PBXTargetDependency */ = {
			isa = PBXTargetDependency;
			target = F72980C119CFB77500B3FE89 /* Surveyor */;
			targetProxy = F72980D819CFB77600B3FE89 /* PBXContainerItemProxy */;
		};
/* End PBXTargetDependency section */

/* Begin PBXVariantGroup section */
		F72980CB19CFB77600B3FE89 /* Main.storyboard */ = {
			isa = PBXVariantGroup;
			children = (
				F72980CC19CFB77600B3FE89 /* Base */,
			);
			name = Main.storyboard;
			sourceTree = "<group>";
		};
		F72980D019CFB77600B3FE89 /* LaunchScreen.xib */ = {
			isa = PBXVariantGroup;
			children = (
				F72980D119CFB77600B3FE89 /* Base */,
			);
			name = LaunchScreen.xib;
			sourceTree = "<group>";
		};
/* End PBXVariantGroup section */

/* Begin XCBuildConfiguration section */
		F72980DF19CFB77600B3FE89 /* Debug */ = {
			isa = XCBuildConfiguration;
			buildSettings = {
				ALWAYS_SEARCH_USER_PATHS = NO;
				CLANG_CXX_LANGUAGE_STANDARD = "gnu++0x";
				CLANG_CXX_LIBRARY = "libc++";
				CLANG_ENABLE_MODULES = YES;
				CLANG_ENABLE_OBJC_ARC = YES;
				CLANG_WARN_BOOL_CONVERSION = YES;
				CLANG_WARN_CONSTANT_CONVERSION = YES;
				CLANG_WARN_DIRECT_OBJC_ISA_USAGE = YES_ERROR;
				CLANG_WARN_EMPTY_BODY = YES;
				CLANG_WARN_ENUM_CONVERSION = YES;
				CLANG_WARN_INT_CONVERSION = YES;
				CLANG_WARN_OBJC_ROOT_CLASS = YES_ERROR;
				CLANG_WARN_UNREACHABLE_CODE = YES;
				CLANG_WARN__DUPLICATE_METHOD_MATCH = YES;
				"CODE_SIGN_IDENTITY[sdk=iphoneos*]" = "iPhone Developer";
				COPY_PHASE_STRIP = NO;
				ENABLE_STRICT_OBJC_MSGSEND = YES;
				GCC_C_LANGUAGE_STANDARD = gnu99;
				GCC_DYNAMIC_NO_PIC = NO;
				GCC_OPTIMIZATION_LEVEL = 0;
				GCC_PREPROCESSOR_DEFINITIONS = (
					"DEBUG=1",
					"$(inherited)",
				);
				GCC_SYMBOLS_PRIVATE_EXTERN = NO;
				GCC_WARN_64_TO_32_BIT_CONVERSION = YES;
				GCC_WARN_ABOUT_RETURN_TYPE = YES_ERROR;
				GCC_WARN_UNDECLARED_SELECTOR = YES;
				GCC_WARN_UNINITIALIZED_AUTOS = YES_AGGRESSIVE;
				GCC_WARN_UNUSED_FUNCTION = YES;
				GCC_WARN_UNUSED_VARIABLE = YES;
				IPHONEOS_DEPLOYMENT_TARGET = 8.0;
				MTL_ENABLE_DEBUG_INFO = YES;
				ONLY_ACTIVE_ARCH = YES;
				SDKROOT = iphoneos;
				SWIFT_OPTIMIZATION_LEVEL = "-Onone";
			};
			name = Debug;
		};
		F72980E019CFB77600B3FE89 /* Release */ = {
			isa = XCBuildConfiguration;
			buildSettings = {
				ALWAYS_SEARCH_USER_PATHS = NO;
				CLANG_CXX_LANGUAGE_STANDARD = "gnu++0x";
				CLANG_CXX_LIBRARY = "libc++";
				CLANG_ENABLE_MODULES = YES;
				CLANG_ENABLE_OBJC_ARC = YES;
				CLANG_WARN_BOOL_CONVERSION = YES;
				CLANG_WARN_CONSTANT_CONVERSION = YES;
				CLANG_WARN_DIRECT_OBJC_ISA_USAGE = YES_ERROR;
				CLANG_WARN_EMPTY_BODY = YES;
				CLANG_WARN_ENUM_CONVERSION = YES;
				CLANG_WARN_INT_CONVERSION = YES;
				CLANG_WARN_OBJC_ROOT_CLASS = YES_ERROR;
				CLANG_WARN_UNREACHABLE_CODE = YES;
				CLANG_WARN__DUPLICATE_METHOD_MATCH = YES;
				"CODE_SIGN_IDENTITY[sdk=iphoneos*]" = "iPhone Developer";
				COPY_PHASE_STRIP = YES;
				ENABLE_NS_ASSERTIONS = NO;
				ENABLE_STRICT_OBJC_MSGSEND = YES;
				GCC_C_LANGUAGE_STANDARD = gnu99;
				GCC_WARN_64_TO_32_BIT_CONVERSION = YES;
				GCC_WARN_ABOUT_RETURN_TYPE = YES_ERROR;
				GCC_WARN_UNDECLARED_SELECTOR = YES;
				GCC_WARN_UNINITIALIZED_AUTOS = YES_AGGRESSIVE;
				GCC_WARN_UNUSED_FUNCTION = YES;
				GCC_WARN_UNUSED_VARIABLE = YES;
				IPHONEOS_DEPLOYMENT_TARGET = 8.0;
				MTL_ENABLE_DEBUG_INFO = NO;
				SDKROOT = iphoneos;
				VALIDATE_PRODUCT = YES;
			};
			name = Release;
		};
		F72980E219CFB77600B3FE89 /* Debug */ = {
			isa = XCBuildConfiguration;
			baseConfigurationReference = C9FACDABE6CE4AD09677B81A /* Pods-Surveyor.xcconfig */;
			buildSettings = {
				ASSETCATALOG_COMPILER_APPICON_NAME = AppIcon;
				INFOPLIST_FILE = Surveyor/Info.plist;
				LD_RUNPATH_SEARCH_PATHS = "$(inherited) @executable_path/Frameworks";
				PRODUCT_NAME = "$(TARGET_NAME)";
			};
			name = Debug;
		};
		F72980E319CFB77600B3FE89 /* Release */ = {
			isa = XCBuildConfiguration;
			baseConfigurationReference = C9FACDABE6CE4AD09677B81A /* Pods-Surveyor.xcconfig */;
			buildSettings = {
				ASSETCATALOG_COMPILER_APPICON_NAME = AppIcon;
				INFOPLIST_FILE = Surveyor/Info.plist;
				LD_RUNPATH_SEARCH_PATHS = "$(inherited) @executable_path/Frameworks";
				PRODUCT_NAME = "$(TARGET_NAME)";
			};
			name = Release;
		};
		F72980E519CFB77600B3FE89 /* Debug */ = {
			isa = XCBuildConfiguration;
			buildSettings = {
				BUNDLE_LOADER = "$(TEST_HOST)";
				FRAMEWORK_SEARCH_PATHS = (
					"$(SDKROOT)/Developer/Library/Frameworks",
					"$(inherited)",
				);
				GCC_PREPROCESSOR_DEFINITIONS = (
					"DEBUG=1",
					"$(inherited)",
				);
				INFOPLIST_FILE = SurveyorTests/Info.plist;
				LD_RUNPATH_SEARCH_PATHS = "$(inherited) @executable_path/Frameworks @loader_path/Frameworks";
				PRODUCT_NAME = "$(TARGET_NAME)";
				TEST_HOST = "$(BUILT_PRODUCTS_DIR)/Surveyor.app/Surveyor";
			};
			name = Debug;
		};
		F72980E619CFB77600B3FE89 /* Release */ = {
			isa = XCBuildConfiguration;
			buildSettings = {
				BUNDLE_LOADER = "$(TEST_HOST)";
				FRAMEWORK_SEARCH_PATHS = (
					"$(SDKROOT)/Developer/Library/Frameworks",
					"$(inherited)",
				);
				INFOPLIST_FILE = SurveyorTests/Info.plist;
				LD_RUNPATH_SEARCH_PATHS = "$(inherited) @executable_path/Frameworks @loader_path/Frameworks";
				PRODUCT_NAME = "$(TARGET_NAME)";
				TEST_HOST = "$(BUILT_PRODUCTS_DIR)/Surveyor.app/Surveyor";
			};
			name = Release;
		};
/* End XCBuildConfiguration section */

/* Begin XCConfigurationList section */
		F72980BD19CFB77500B3FE89 /* Build configuration list for PBXProject "Surveyor" */ = {
			isa = XCConfigurationList;
			buildConfigurations = (
				F72980DF19CFB77600B3FE89 /* Debug */,
				F72980E019CFB77600B3FE89 /* Release */,
			);
			defaultConfigurationIsVisible = 0;
			defaultConfigurationName = Release;
		};
		F72980E119CFB77600B3FE89 /* Build configuration list for PBXNativeTarget "Surveyor" */ = {
			isa = XCConfigurationList;
			buildConfigurations = (
				F72980E219CFB77600B3FE89 /* Debug */,
				F72980E319CFB77600B3FE89 /* Release */,
			);
			defaultConfigurationIsVisible = 0;
			defaultConfigurationName = Release;
		};
		F72980E419CFB77600B3FE89 /* Build configuration list for PBXNativeTarget "SurveyorTests" */ = {
			isa = XCConfigurationList;
			buildConfigurations = (
				F72980E519CFB77600B3FE89 /* Debug */,
				F72980E619CFB77600B3FE89 /* Release */,
			);
			defaultConfigurationIsVisible = 0;
			defaultConfigurationName = Release;
		};
/* End XCConfigurationList section */
	};
	rootObject = F72980BA19CFB77500B3FE89 /* Project object */;
}
